
Microsoft Visual Studio Solution File, Format Version 12.00
# Visual Studio Version 17
VisualStudioVersion = 17.11.35327.3
MinimumVisualStudioVersion = 10.0.40219.1
Project("{FAE04EC0-301F-11D3-BF4B-00C04F79EFBC}") = "DIDemo", "DIDemo\DIDemo.csproj", "{84879F9E-CA33-4287-81E2-F743674B90DF}"
EndProject
Global
	GlobalSection(SolutionConfigurationPlatforms) = preSolution
		Debug|Any CPU = Debug|Any CPU
		Release|Any CPU = Release|Any CPU
	EndGlobalSection
	GlobalSection(ProjectConfigurationPlatforms) = postSolution
		{84879F9E-CA33-4287-81E2-F743674B90DF}.Debug|Any CPU.ActiveCfg = Debug|Any CPU
		{84879F9E-CA33-4287-81E2-F743674B90DF}.Debug|Any CPU.Build.0 = Debug|Any CPU
		{84879F9E-CA33-4287-81E2-F743674B90DF}.Release|Any CPU.ActiveCfg = Release|Any CPU
		{84879F9E-CA33-4287-81E2-F743674B90DF}.Release|Any CPU.Build.0 = Release|Any CPU
	EndGlobalSection
	GlobalSection(SolutionProperties) = preSolution
		HideSolutionNode = FALSE
	EndGlobalSection
	GlobalSection(ExtensibilityGlobals) = postSolution
		SolutionGuid = {317D1052-7469-40BA-B6A0-938A2C7C5B3A}
	EndGlobalSection
EndGlobal
